
Microsoft Visual Studio Solution File, Format Version 12.00
# Visual Studio Version 17
VisualStudioVersion = 17.3.32819.101
MinimumVisualStudioVersion = 10.0.40219.1
Project("{FAE04EC0-301F-11D3-BF4B-00C04F79EFBC}") = "BAI_1_1_DELEGATE", "BAI_1_1_DELEGATE\BAI_1_1_DELEGATE.csproj", "{D6514B54-4B7D-4C8B-8DA3-29AA02BA8E43}"
EndProject
Project("{FAE04EC0-301F-11D3-BF4B-00C04F79EFBC}") = "BAI_1_2_DELEGATE_ACTION_FUNC_PREDICATE", "BAI_1_2_DELEGATE_ACTION_FUNC_PREDICATE\BAI_1_2_DELEGATE_ACTION_FUNC_PREDICATE.csproj", "{C792431B-CA7C-481F-BF96-69B48BA90DC5}"
EndProject
Project("{FAE04EC0-301F-11D3-BF4B-00C04F79EFBC}") = "BAI_1_3_DELEGATE_EVENT", "BAI_1_3_DELEGATE_EVENT\BAI_1_3_DELEGATE_EVENT.csproj", "{4685C6BF-1D2D-414B-BB65-A88A9DE3852F}"
EndProject
Project("{FAE04EC0-301F-11D3-BF4B-00C04F79EFBC}") = "BAI_1_4_DELEGATE_EVENT2", "BAI_1_4_DELEGATE_EVENT2\BAI_1_4_DELEGATE_EVENT2.csproj", "{7A8FCC07-14A8-4E66-9D21-7A5BAE61C694}"
EndProject
Project("{FAE04EC0-301F-11D3-BF4B-00C04F79EFBC}") = "BAI_1_5_DELEGATE_EVENT3", "BAI_1_5_DELEGATE_EVENT3\BAI_1_5_DELEGATE_EVENT3.csproj", "{F2518701-90EB-4034-BCBF-0D07D891BCFE}"
EndProject
Project("{9A19103F-16F7-4668-BE54-9A1E7A4F7556}") = "BAI_1_6_EXCEPTION", "BAI_1_6_EXCEPTION\BAI_1_6_EXCEPTION.csproj", "{6950903F-AC07-45E4-8835-8994EA14129D}"
EndProject
Project("{9A19103F-16F7-4668-BE54-9A1E7A4F7556}") = "BAI_1_7_DINHNGHIA_EXCEPTION", "BAI_1_7_DINHNGHIA_EXCEPTION\BAI_1_7_DINHNGHIA_EXCEPTION.csproj", "{7C5B9450-1728-48B8-B1E0-98D50F8EB389}"
EndProject
Project("{9A19103F-16F7-4668-BE54-9A1E7A4F7556}") = "BAI_1_8_CLASS_EXCEPTION", "BAI_1_8_CLASS_EXCEPTION\BAI_1_8_CLASS_EXCEPTION.csproj", "{1D93AE79-F1F6-4F7F-A186-8406CB489256}"
EndProject
Project("{9A19103F-16F7-4668-BE54-9A1E7A4F7556}") = "BAI_1_9_COLLECTION", "BAI_1_9_COLLECTION\BAI_1_9_COLLECTION.csproj", "{D7DAB2E0-6DFD-4AB6-9E0B-9E58D28E4C80}"
EndProject
Project("{9A19103F-16F7-4668-BE54-9A1E7A4F7556}") = "BAI_2_0_GENERIC_TYPE", "BAI_2_0_GENERIC_TYPE\BAI_2_0_GENERIC_TYPE.csproj", "{BF97395E-DF30-43C7-87ED-01801F19B52F}"
EndProject
Project("{9A19103F-16F7-4668-BE54-9A1E7A4F7556}") = "BAI_2_1_GENERIC_CLASS", "BAI_2_1_GENERIC_CLASS\BAI_2_1_GENERIC_CLASS.csproj", "{43237CB0-8475-4CA6-9B9A-FD0B1933EEF5}"
EndProject
Project("{9A19103F-16F7-4668-BE54-9A1E7A4F7556}") = "BAI_2_2_PARTIAL_CLASS", "BAI_2_2_PARTIAL_CLASS\BAI_2_2_PARTIAL_CLASS.csproj", "{07E692F4-EE63-4D21-889A-20760949A3EE}"
EndProject
Project("{9A19103F-16F7-4668-BE54-9A1E7A4F7556}") = "BAI_2_3_IMPLICIT_VA_DYNAMIC_TYPE", "BAI_2_3_IMPLICIT_VA_DYNAMIC_TYPE\BAI_2_3_IMPLICIT_VA_DYNAMIC_TYPE.csproj", "{2A780365-13D1-4C8F-A425-F914A00999C7}"
EndProject
Project("{9A19103F-16F7-4668-BE54-9A1E7A4F7556}") = "BAI_2_4_NULL_VA_NULLABLE_TYPE", "BAI_2_4_NULL_VA_NULLABLE_TYPE\BAI_2_4_NULL_VA_NULLABLE_TYPE.csproj", "{35AA3A46-CDC4-4888-B5A9-6755A01EA20D}"
EndProject
Project("{FAE04EC0-301F-11D3-BF4B-00C04F79EFBC}") = "BAI_2_5_SYSTEM_IO", "BAI_2_5_SYSTEM_IO\BAI_2_5_SYSTEM_IO.csproj", "{2A2A6C85-4126-46F1-B8A5-532E6F8778A3}"
EndProject
Project("{FAE04EC0-301F-11D3-BF4B-00C04F79EFBC}") = "BAI_2_6_DOC_GHI_FILE", "BAI_2_6_DOC_GHI_FILE\BAI_2_6_DOC_GHI_FILE.csproj", "{D9501210-4201-48B7-9C3A-24AB2AAB3C12}"
EndProject
Project("{FAE04EC0-301F-11D3-BF4B-00C04F79EFBC}") = "BAI_2_7_BIEU_THUC_LAMBDA", "BAI_2_7_BIEU_THUC_LAMBDA\BAI_2_7_BIEU_THUC_LAMBDA.csproj", "{08DB1666-8F65-4B70-9A08-2C3125FE04F6}"
EndProject
Global
	GlobalSection(SolutionConfigurationPlatforms) = preSolution
		Debug|Any CPU = Debug|Any CPU
		Release|Any CPU = Release|Any CPU
	EndGlobalSection
	GlobalSection(ProjectConfigurationPlatforms) = postSolution
		{D6514B54-4B7D-4C8B-8DA3-29AA02BA8E43}.Debug|Any CPU.ActiveCfg = Debug|Any CPU
		{D6514B54-4B7D-4C8B-8DA3-29AA02BA8E43}.Debug|Any CPU.Build.0 = Debug|Any CPU
		{D6514B54-4B7D-4C8B-8DA3-29AA02BA8E43}.Release|Any CPU.ActiveCfg = Release|Any CPU
		{D6514B54-4B7D-4C8B-8DA3-29AA02BA8E43}.Release|Any CPU.Build.0 = Release|Any CPU
		{C792431B-CA7C-481F-BF96-69B48BA90DC5}.Debug|Any CPU.ActiveCfg = Debug|Any CPU
		{C792431B-CA7C-481F-BF96-69B48BA90DC5}.Debug|Any CPU.Build.0 = Debug|Any CPU
		{C792431B-CA7C-481F-BF96-69B48BA90DC5}.Release|Any CPU.ActiveCfg = Release|Any CPU
		{C792431B-CA7C-481F-BF96-69B48BA90DC5}.Release|Any CPU.Build.0 = Release|Any CPU
		{4685C6BF-1D2D-414B-BB65-A88A9DE3852F}.Debug|Any CPU.ActiveCfg = Debug|Any CPU
		{4685C6BF-1D2D-414B-BB65-A88A9DE3852F}.Debug|Any CPU.Build.0 = Debug|Any CPU
		{4685C6BF-1D2D-414B-BB65-A88A9DE3852F}.Release|Any CPU.ActiveCfg = Release|Any CPU
		{4685C6BF-1D2D-414B-BB65-A88A9DE3852F}.Release|Any CPU.Build.0 = Release|Any CPU
		{7A8FCC07-14A8-4E66-9D21-7A5BAE61C694}.Debug|Any CPU.ActiveCfg = Debug|Any CPU
		{7A8FCC07-14A8-4E66-9D21-7A5BAE61C694}.Debug|Any CPU.Build.0 = Debug|Any CPU
		{7A8FCC07-14A8-4E66-9D21-7A5BAE61C694}.Release|Any CPU.ActiveCfg = Release|Any CPU
		{7A8FCC07-14A8-4E66-9D21-7A5BAE61C694}.Release|Any CPU.Build.0 = Release|Any CPU
		{F2518701-90EB-4034-BCBF-0D07D891BCFE}.Debug|Any CPU.ActiveCfg = Debug|Any CPU
		{F2518701-90EB-4034-BCBF-0D07D891BCFE}.Debug|Any CPU.Build.0 = Debug|Any CPU
		{F2518701-90EB-4034-BCBF-0D07D891BCFE}.Release|Any CPU.ActiveCfg = Release|Any CPU
		{F2518701-90EB-4034-BCBF-0D07D891BCFE}.Release|Any CPU.Build.0 = Release|Any CPU
		{6950903F-AC07-45E4-8835-8994EA14129D}.Debug|Any CPU.ActiveCfg = Debug|Any CPU
		{6950903F-AC07-45E4-8835-8994EA14129D}.Debug|Any CPU.Build.0 = Debug|Any CPU
		{6950903F-AC07-45E4-8835-8994EA14129D}.Release|Any CPU.ActiveCfg = Release|Any CPU
		{6950903F-AC07-45E4-8835-8994EA14129D}.Release|Any CPU.Build.0 = Release|Any CPU
		{7C5B9450-1728-48B8-B1E0-98D50F8EB389}.Debug|Any CPU.ActiveCfg = Debug|Any CPU
		{7C5B9450-1728-48B8-B1E0-98D50F8EB389}.Debug|Any CPU.Build.0 = Debug|Any CPU
		{7C5B9450-1728-48B8-B1E0-98D50F8EB389}.Release|Any CPU.ActiveCfg = Release|Any CPU
		{7C5B9450-1728-48B8-B1E0-98D50F8EB389}.Release|Any CPU.Build.0 = Release|Any CPU
		{1D93AE79-F1F6-4F7F-A186-8406CB489256}.Debug|Any CPU.ActiveCfg = Debug|Any CPU
		{1D93AE79-F1F6-4F7F-A186-8406CB489256}.Debug|Any CPU.Build.0 = Debug|Any CPU
		{1D93AE79-F1F6-4F7F-A186-8406CB489256}.Release|Any CPU.ActiveCfg = Release|Any CPU
		{1D93AE79-F1F6-4F7F-A186-8406CB489256}.Release|Any CPU.Build.0 = Release|Any CPU
		{D7DAB2E0-6DFD-4AB6-9E0B-9E58D28E4C80}.Debug|Any CPU.ActiveCfg = Debug|Any CPU
		{D7DAB2E0-6DFD-4AB6-9E0B-9E58D28E4C80}.Debug|Any CPU.Build.0 = Debug|Any CPU
		{D7DAB2E0-6DFD-4AB6-9E0B-9E58D28E4C80}.Release|Any CPU.ActiveCfg = Release|Any CPU
		{D7DAB2E0-6DFD-4AB6-9E0B-9E58D28E4C80}.Release|Any CPU.Build.0 = Release|Any CPU
		{BF97395E-DF30-43C7-87ED-01801F19B52F}.Debug|Any CPU.ActiveCfg = Debug|Any CPU
		{BF97395E-DF30-43C7-87ED-01801F19B52F}.Debug|Any CPU.Build.0 = Debug|Any CPU
		{BF97395E-DF30-43C7-87ED-01801F19B52F}.Release|Any CPU.ActiveCfg = Release|Any CPU
		{BF97395E-DF30-43C7-87ED-01801F19B52F}.Release|Any CPU.Build.0 = Release|Any CPU
		{43237CB0-8475-4CA6-9B9A-FD0B1933EEF5}.Debug|Any CPU.ActiveCfg = Debug|Any CPU
		{43237CB0-8475-4CA6-9B9A-FD0B1933EEF5}.Debug|Any CPU.Build.0 = Debug|Any CPU
		{43237CB0-8475-4CA6-9B9A-FD0B1933EEF5}.Release|Any CPU.ActiveCfg = Release|Any CPU
		{43237CB0-8475-4CA6-9B9A-FD0B1933EEF5}.Release|Any CPU.Build.0 = Release|Any CPU
		{07E692F4-EE63-4D21-889A-20760949A3EE}.Debug|Any CPU.ActiveCfg = Debug|Any CPU
		{07E692F4-EE63-4D21-889A-20760949A3EE}.Debug|Any CPU.Build.0 = Debug|Any CPU
		{07E692F4-EE63-4D21-889A-20760949A3EE}.Release|Any CPU.ActiveCfg = Release|Any CPU
		{07E692F4-EE63-4D21-889A-20760949A3EE}.Release|Any CPU.Build.0 = Release|Any CPU
		{2A780365-13D1-4C8F-A425-F914A00999C7}.Debug|Any CPU.ActiveCfg = Debug|Any CPU
		{2A780365-13D1-4C8F-A425-F914A00999C7}.Debug|Any CPU.Build.0 = Debug|Any CPU
		{2A780365-13D1-4C8F-A425-F914A00999C7}.Release|Any CPU.ActiveCfg = Release|Any CPU
		{2A780365-13D1-4C8F-A425-F914A00999C7}.Release|Any CPU.Build.0 = Release|Any CPU
		{35AA3A46-CDC4-4888-B5A9-6755A01EA20D}.Debug|Any CPU.ActiveCfg = Debug|Any CPU
		{35AA3A46-CDC4-4888-B5A9-6755A01EA20D}.Debug|Any CPU.Build.0 = Debug|Any CPU
		{35AA3A46-CDC4-4888-B5A9-6755A01EA20D}.Release|Any CPU.ActiveCfg = Release|Any CPU
		{35AA3A46-CDC4-4888-B5A9-6755A01EA20D}.Release|Any CPU.Build.0 = Release|Any CPU
		{2A2A6C85-4126-46F1-B8A5-532E6F8778A3}.Debug|Any CPU.ActiveCfg = Debug|Any CPU
		{2A2A6C85-4126-46F1-B8A5-532E6F8778A3}.Debug|Any CPU.Build.0 = Debug|Any CPU
		{2A2A6C85-4126-46F1-B8A5-532E6F8778A3}.Release|Any CPU.ActiveCfg = Release|Any CPU
		{2A2A6C85-4126-46F1-B8A5-532E6F8778A3}.Release|Any CPU.Build.0 = Release|Any CPU
		{D9501210-4201-48B7-9C3A-24AB2AAB3C12}.Debug|Any CPU.ActiveCfg = Debug|Any CPU
		{D9501210-4201-48B7-9C3A-24AB2AAB3C12}.Debug|Any CPU.Build.0 = Debug|Any CPU
		{D9501210-4201-48B7-9C3A-24AB2AAB3C12}.Release|Any CPU.ActiveCfg = Release|Any CPU
		{D9501210-4201-48B7-9C3A-24AB2AAB3C12}.Release|Any CPU.Build.0 = Release|Any CPU
		{08DB1666-8F65-4B70-9A08-2C3125FE04F6}.Debug|Any CPU.ActiveCfg = Debug|Any CPU
		{08DB1666-8F65-4B70-9A08-2C3125FE04F6}.Debug|Any CPU.Build.0 = Debug|Any CPU
		{08DB1666-8F65-4B70-9A08-2C3125FE04F6}.Release|Any CPU.ActiveCfg = Release|Any CPU
		{08DB1666-8F65-4B70-9A08-2C3125FE04F6}.Release|Any CPU.Build.0 = Release|Any CPU
	EndGlobalSection
	GlobalSection(SolutionProperties) = preSolution
		HideSolutionNode = FALSE
	EndGlobalSection
	GlobalSection(ExtensibilityGlobals) = postSolution
		SolutionGuid = {D6003FDA-93F7-4B96-80C3-9FA0D31D9ED1}
	EndGlobalSection
EndGlobal
