
Microsoft Visual Studio Solution File, Format Version 12.00
# Visual Studio Version 17
VisualStudioVersion = 17.3.32819.101
MinimumVisualStudioVersion = 10.0.40219.1
Project("{FAE04EC0-301F-11D3-BF4B-00C04F79EFBC}") = "BAI_1_1_DELEGATE", "BAI_1_1_DELEGATE\BAI_1_1_DELEGATE.csproj", "{D6514B54-4B7D-4C8B-8DA3-29AA02BA8E43}"
EndProject
Project("{FAE04EC0-301F-11D3-BF4B-00C04F79EFBC}") = "BAI_1_2_DELEGATE_ACTION_FUNC_PREDICATE", "BAI_1_2_DELEGATE_ACTION_FUNC_PREDICATE\BAI_1_2_DELEGATE_ACTION_FUNC_PREDICATE.csproj", "{C792431B-CA7C-481F-BF96-69B48BA90DC5}"
EndProject
Project("{FAE04EC0-301F-11D3-BF4B-00C04F79EFBC}") = "BAI_1_3_DELEGATE_EVENT", "BAI_1_3_DELEGATE_EVENT\BAI_1_3_DELEGATE_EVENT.csproj", "{4685C6BF-1D2D-414B-BB65-A88A9DE3852F}"
EndProject
Project("{FAE04EC0-301F-11D3-BF4B-00C04F79EFBC}") = "BAI_1_4_DELEGATE_EVENT2", "BAI_1_4_DELEGATE_EVENT2\BAI_1_4_DELEGATE_EVENT2.csproj", "{7A8FCC07-14A8-4E66-9D21-7A5BAE61C694}"
EndProject
Project("{FAE04EC0-301F-11D3-BF4B-00C04F79EFBC}") = "BAI_1_5_DELEGATE_EVENT3", "BAI_1_5_DELEGATE_EVENT3\BAI_1_5_DELEGATE_EVENT3.csproj", "{F2518701-90EB-4034-BCBF-0D07D891BCFE}"
EndProject
Global
	GlobalSection(SolutionConfigurationPlatforms) = preSolution
		Debug|Any CPU = Debug|Any CPU
		Release|Any CPU = Release|Any CPU
	EndGlobalSection
	GlobalSection(ProjectConfigurationPlatforms) = postSolution
		{D6514B54-4B7D-4C8B-8DA3-29AA02BA8E43}.Debug|Any CPU.ActiveCfg = Debug|Any CPU
		{D6514B54-4B7D-4C8B-8DA3-29AA02BA8E43}.Debug|Any CPU.Build.0 = Debug|Any CPU
		{D6514B54-4B7D-4C8B-8DA3-29AA02BA8E43}.Release|Any CPU.ActiveCfg = Release|Any CPU
		{D6514B54-4B7D-4C8B-8DA3-29AA02BA8E43}.Release|Any CPU.Build.0 = Release|Any CPU
		{C792431B-CA7C-481F-BF96-69B48BA90DC5}.Debug|Any CPU.ActiveCfg = Debug|Any CPU
		{C792431B-CA7C-481F-BF96-69B48BA90DC5}.Debug|Any CPU.Build.0 = Debug|Any CPU
		{C792431B-CA7C-481F-BF96-69B48BA90DC5}.Release|Any CPU.ActiveCfg = Release|Any CPU
		{C792431B-CA7C-481F-BF96-69B48BA90DC5}.Release|Any CPU.Build.0 = Release|Any CPU
		{4685C6BF-1D2D-414B-BB65-A88A9DE3852F}.Debug|Any CPU.ActiveCfg = Debug|Any CPU
		{4685C6BF-1D2D-414B-BB65-A88A9DE3852F}.Debug|Any CPU.Build.0 = Debug|Any CPU
		{4685C6BF-1D2D-414B-BB65-A88A9DE3852F}.Release|Any CPU.ActiveCfg = Release|Any CPU
		{4685C6BF-1D2D-414B-BB65-A88A9DE3852F}.Release|Any CPU.Build.0 = Release|Any CPU
		{7A8FCC07-14A8-4E66-9D21-7A5BAE61C694}.Debug|Any CPU.ActiveCfg = Debug|Any CPU
		{7A8FCC07-14A8-4E66-9D21-7A5BAE61C694}.Debug|Any CPU.Build.0 = Debug|Any CPU
		{7A8FCC07-14A8-4E66-9D21-7A5BAE61C694}.Release|Any CPU.ActiveCfg = Release|Any CPU
		{7A8FCC07-14A8-4E66-9D21-7A5BAE61C694}.Release|Any CPU.Build.0 = Release|Any CPU
		{F2518701-90EB-4034-BCBF-0D07D891BCFE}.Debug|Any CPU.ActiveCfg = Debug|Any CPU
		{F2518701-90EB-4034-BCBF-0D07D891BCFE}.Debug|Any CPU.Build.0 = Debug|Any CPU
		{F2518701-90EB-4034-BCBF-0D07D891BCFE}.Release|Any CPU.ActiveCfg = Release|Any CPU
		{F2518701-90EB-4034-BCBF-0D07D891BCFE}.Release|Any CPU.Build.0 = Release|Any CPU
	EndGlobalSection
	GlobalSection(SolutionProperties) = preSolution
		HideSolutionNode = FALSE
	EndGlobalSection
	GlobalSection(ExtensibilityGlobals) = postSolution
		SolutionGuid = {D6003FDA-93F7-4B96-80C3-9FA0D31D9ED1}
	EndGlobalSection
EndGlobal
